
Microsoft Visual Studio Solution File, Format Version 12.00
# Visual Studio 14
VisualStudioVersion = 14.0.25420.1
MinimumVisualStudioVersion = 10.0.40219.1
Project("{FAE04EC0-301F-11D3-BF4B-00C04F79EFBC}") = "lab1", "lab1\lab1.csproj", "{9F53AE2F-4BA6-4DEB-B0CF-B14C9128A5E7}"
EndProject
Project("{FAE04EC0-301F-11D3-BF4B-00C04F79EFBC}") = "twitDataLoad", "twitDataLoad\twitDataLoad.csproj", "{ADBEAF22-8C77-41D6-8890-B8EDD391CB1D}"
EndProject
Project("{FAE04EC0-301F-11D3-BF4B-00C04F79EFBC}") = "twitDataModel", "twitDataModel\twitDataModel.csproj", "{5ED66C53-7B16-4629-A4C2-A99A7E82637F}"
EndProject
Global
	GlobalSection(SolutionConfigurationPlatforms) = preSolution
		Debug|Any CPU = Debug|Any CPU
		Release|Any CPU = Release|Any CPU
	EndGlobalSection
	GlobalSection(ProjectConfigurationPlatforms) = postSolution
		{9F53AE2F-4BA6-4DEB-B0CF-B14C9128A5E7}.Debug|Any CPU.ActiveCfg = Debug|Any CPU
		{9F53AE2F-4BA6-4DEB-B0CF-B14C9128A5E7}.Debug|Any CPU.Build.0 = Debug|Any CPU
		{9F53AE2F-4BA6-4DEB-B0CF-B14C9128A5E7}.Release|Any CPU.ActiveCfg = Release|Any CPU
		{9F53AE2F-4BA6-4DEB-B0CF-B14C9128A5E7}.Release|Any CPU.Build.0 = Release|Any CPU
		{ADBEAF22-8C77-41D6-8890-B8EDD391CB1D}.Debug|Any CPU.ActiveCfg = Debug|Any CPU
		{ADBEAF22-8C77-41D6-8890-B8EDD391CB1D}.Debug|Any CPU.Build.0 = Debug|Any CPU
		{ADBEAF22-8C77-41D6-8890-B8EDD391CB1D}.Release|Any CPU.ActiveCfg = Release|Any CPU
		{ADBEAF22-8C77-41D6-8890-B8EDD391CB1D}.Release|Any CPU.Build.0 = Release|Any CPU
		{5ED66C53-7B16-4629-A4C2-A99A7E82637F}.Debug|Any CPU.ActiveCfg = Debug|Any CPU
		{5ED66C53-7B16-4629-A4C2-A99A7E82637F}.Debug|Any CPU.Build.0 = Debug|Any CPU
		{5ED66C53-7B16-4629-A4C2-A99A7E82637F}.Release|Any CPU.ActiveCfg = Release|Any CPU
		{5ED66C53-7B16-4629-A4C2-A99A7E82637F}.Release|Any CPU.Build.0 = Release|Any CPU
	EndGlobalSection
	GlobalSection(SolutionProperties) = preSolution
		HideSolutionNode = FALSE
	EndGlobalSection
EndGlobal
